
Microsoft Visual Studio Solution File, Format Version 12.00
# Visual Studio 2013
VisualStudioVersion = 12.0.21005.1
MinimumVisualStudioVersion = 10.0.40219.1
Project("{FAE04EC0-301F-11D3-BF4B-00C04F79EFBC}") = "DotNetExtensions45", "DotNetExtensions45\DotNetExtensions45.csproj", "{BDB26656-0058-4DD6-A9EC-C27B71461874}"
EndProject
Project("{FAE04EC0-301F-11D3-BF4B-00C04F79EFBC}") = "DotNetExtensions40", "DotNetExtensions40\DotNetExtensions40.csproj", "{5FC66AE0-F7FE-4C12-874C-A175D3018799}"
EndProject
Global
	GlobalSection(SolutionConfigurationPlatforms) = preSolution
		Debug|Any CPU = Debug|Any CPU
		Release|Any CPU = Release|Any CPU
	EndGlobalSection
	GlobalSection(ProjectConfigurationPlatforms) = postSolution
		{BDB26656-0058-4DD6-A9EC-C27B71461874}.Debug|Any CPU.ActiveCfg = Debug|Any CPU
		{BDB26656-0058-4DD6-A9EC-C27B71461874}.Debug|Any CPU.Build.0 = Debug|Any CPU
		{BDB26656-0058-4DD6-A9EC-C27B71461874}.Release|Any CPU.ActiveCfg = Release|Any CPU
		{BDB26656-0058-4DD6-A9EC-C27B71461874}.Release|Any CPU.Build.0 = Release|Any CPU
		{5FC66AE0-F7FE-4C12-874C-A175D3018799}.Debug|Any CPU.ActiveCfg = Debug|Any CPU
		{5FC66AE0-F7FE-4C12-874C-A175D3018799}.Debug|Any CPU.Build.0 = Debug|Any CPU
		{5FC66AE0-F7FE-4C12-874C-A175D3018799}.Release|Any CPU.ActiveCfg = Release|Any CPU
		{5FC66AE0-F7FE-4C12-874C-A175D3018799}.Release|Any CPU.Build.0 = Release|Any CPU
	EndGlobalSection
	GlobalSection(SolutionProperties) = preSolution
		HideSolutionNode = FALSE
	EndGlobalSection
EndGlobal
