
Microsoft Visual Studio Solution File, Format Version 12.00
# Visual Studio 14
VisualStudioVersion = 14.0.25420.1
MinimumVisualStudioVersion = 10.0.40219.1
Project("{FAE04EC0-301F-11D3-BF4B-00C04F79EFBC}") = "SharpExtensions40", "SharpExtensions40\SharpExtensions40.csproj", "{5FC66AE0-F7FE-4C12-874C-A175D3018799}"
EndProject
Project("{2150E333-8FDC-42A3-9474-1A3956D46DE8}") = ".nuget", ".nuget", "{C991AD2B-FA67-409C-BE86-67068BDE5DCE}"
	ProjectSection(SolutionItems) = preProject
		.nuget\NuGet.Config = .nuget\NuGet.Config
		.nuget\NuGet.exe = .nuget\NuGet.exe
		.nuget\NuGet.targets = .nuget\NuGet.targets
	EndProjectSection
EndProject
Project("{2150E333-8FDC-42A3-9474-1A3956D46DE8}") = "Solution Items", "Solution Items", "{17A3BD69-2F7D-4FC0-B62C-37E37CE783CA}"
	ProjectSection(SolutionItems) = preProject
		Settings.StyleCop = Settings.StyleCop
		SharpExtensions.Assembly.nuspec = SharpExtensions.Assembly.nuspec
		SharpExtensions.Json.Assembly.nuspec = SharpExtensions.Json.Assembly.nuspec
		SharpExtensions.Json.nuspec = SharpExtensions.Json.nuspec
		SharpExtensions.nuspec = SharpExtensions.nuspec
	EndProjectSection
EndProject
Project("{FAE04EC0-301F-11D3-BF4B-00C04F79EFBC}") = "SharpExtensions.NuGet", "SharpExtensions.NuGet\SharpExtensions.NuGet.csproj", "{1EA6B1F9-0BF2-4424-BA7C-B1D8905EBECA}"
EndProject
Project("{FAE04EC0-301F-11D3-BF4B-00C04F79EFBC}") = "SharpExtensions.Tests", "SharpExtensions45.Tests\SharpExtensions.Tests.csproj", "{166CA164-F7F3-499E-A11B-07CF85255437}"
EndProject
Project("{FAE04EC0-301F-11D3-BF4B-00C04F79EFBC}") = "SharpExtensions40.Tests", "SharpExtensions40.Tests\SharpExtensions40.Tests.csproj", "{7842FCB9-D7ED-4A91-8ABF-E50EFCB7E04F}"
EndProject
Project("{FAE04EC0-301F-11D3-BF4B-00C04F79EFBC}") = "SharpExtensions40.Json", "SharpExtensions40.Json\SharpExtensions40.Json.csproj", "{70A4BDD6-08CD-4D6D-A302-CED026DDCD7C}"
EndProject
Project("{FAE04EC0-301F-11D3-BF4B-00C04F79EFBC}") = "SharpTools", "SharpTools\SharpTools.csproj", "{A3B8062D-AC1D-47A2-85FE-A71AA2599784}"
EndProject
Project("{FAE04EC0-301F-11D3-BF4B-00C04F79EFBC}") = "SharpExtensions", "SharpExtensions\SharpExtensions.csproj", "{8E8B36E9-C666-48B0-BC13-9542144F73DE}"
EndProject
Project("{FAE04EC0-301F-11D3-BF4B-00C04F79EFBC}") = "SharpExtensions.Json", "SharpExtensions.Json\SharpExtensions.Json.csproj", "{C17F768B-8A0B-46F2-A935-9FDD31B6BF23}"
EndProject
Global
	GlobalSection(SolutionConfigurationPlatforms) = preSolution
		Debug|Any CPU = Debug|Any CPU
		Release|Any CPU = Release|Any CPU
	EndGlobalSection
	GlobalSection(ProjectConfigurationPlatforms) = postSolution
		{5FC66AE0-F7FE-4C12-874C-A175D3018799}.Debug|Any CPU.ActiveCfg = Debug|Any CPU
		{5FC66AE0-F7FE-4C12-874C-A175D3018799}.Debug|Any CPU.Build.0 = Debug|Any CPU
		{5FC66AE0-F7FE-4C12-874C-A175D3018799}.Release|Any CPU.ActiveCfg = Release|Any CPU
		{5FC66AE0-F7FE-4C12-874C-A175D3018799}.Release|Any CPU.Build.0 = Release|Any CPU
		{1EA6B1F9-0BF2-4424-BA7C-B1D8905EBECA}.Debug|Any CPU.ActiveCfg = Debug|Any CPU
		{1EA6B1F9-0BF2-4424-BA7C-B1D8905EBECA}.Release|Any CPU.ActiveCfg = Release|Any CPU
		{166CA164-F7F3-499E-A11B-07CF85255437}.Debug|Any CPU.ActiveCfg = Debug|Any CPU
		{166CA164-F7F3-499E-A11B-07CF85255437}.Debug|Any CPU.Build.0 = Debug|Any CPU
		{166CA164-F7F3-499E-A11B-07CF85255437}.Release|Any CPU.ActiveCfg = Release|Any CPU
		{166CA164-F7F3-499E-A11B-07CF85255437}.Release|Any CPU.Build.0 = Release|Any CPU
		{7842FCB9-D7ED-4A91-8ABF-E50EFCB7E04F}.Debug|Any CPU.ActiveCfg = Debug|Any CPU
		{7842FCB9-D7ED-4A91-8ABF-E50EFCB7E04F}.Debug|Any CPU.Build.0 = Debug|Any CPU
		{7842FCB9-D7ED-4A91-8ABF-E50EFCB7E04F}.Release|Any CPU.ActiveCfg = Release|Any CPU
		{7842FCB9-D7ED-4A91-8ABF-E50EFCB7E04F}.Release|Any CPU.Build.0 = Release|Any CPU
		{70A4BDD6-08CD-4D6D-A302-CED026DDCD7C}.Debug|Any CPU.ActiveCfg = Debug|Any CPU
		{70A4BDD6-08CD-4D6D-A302-CED026DDCD7C}.Debug|Any CPU.Build.0 = Debug|Any CPU
		{70A4BDD6-08CD-4D6D-A302-CED026DDCD7C}.Release|Any CPU.ActiveCfg = Release|Any CPU
		{70A4BDD6-08CD-4D6D-A302-CED026DDCD7C}.Release|Any CPU.Build.0 = Release|Any CPU
		{A3B8062D-AC1D-47A2-85FE-A71AA2599784}.Debug|Any CPU.ActiveCfg = Debug|Any CPU
		{A3B8062D-AC1D-47A2-85FE-A71AA2599784}.Debug|Any CPU.Build.0 = Debug|Any CPU
		{A3B8062D-AC1D-47A2-85FE-A71AA2599784}.Release|Any CPU.ActiveCfg = Release|Any CPU
		{A3B8062D-AC1D-47A2-85FE-A71AA2599784}.Release|Any CPU.Build.0 = Release|Any CPU
		{8E8B36E9-C666-48B0-BC13-9542144F73DE}.Debug|Any CPU.ActiveCfg = Debug|Any CPU
		{8E8B36E9-C666-48B0-BC13-9542144F73DE}.Debug|Any CPU.Build.0 = Debug|Any CPU
		{8E8B36E9-C666-48B0-BC13-9542144F73DE}.Release|Any CPU.ActiveCfg = Release|Any CPU
		{8E8B36E9-C666-48B0-BC13-9542144F73DE}.Release|Any CPU.Build.0 = Release|Any CPU
		{C17F768B-8A0B-46F2-A935-9FDD31B6BF23}.Debug|Any CPU.ActiveCfg = Debug|Any CPU
		{C17F768B-8A0B-46F2-A935-9FDD31B6BF23}.Debug|Any CPU.Build.0 = Debug|Any CPU
		{C17F768B-8A0B-46F2-A935-9FDD31B6BF23}.Release|Any CPU.ActiveCfg = Release|Any CPU
		{C17F768B-8A0B-46F2-A935-9FDD31B6BF23}.Release|Any CPU.Build.0 = Release|Any CPU
	EndGlobalSection
	GlobalSection(SolutionProperties) = preSolution
		HideSolutionNode = FALSE
	EndGlobalSection
EndGlobal
